
Microsoft Visual Studio Solution File, Format Version 12.00
# Visual Studio 14
VisualStudioVersion = 14.0.25420.1
MinimumVisualStudioVersion = 10.0.40219.1
Project("{2150E333-8FDC-42A3-9474-1A3956D46DE8}") = "src", "src", "{4B17B7EB-9B27-4F18-9AC8-79B0E35B9CC3}"
EndProject
Project("{2150E333-8FDC-42A3-9474-1A3956D46DE8}") = "Solution Items", "Solution Items", "{97F491CC-9859-4A40-9CCD-9480C1D23696}"
	ProjectSection(SolutionItems) = preProject
		global.json = global.json
	EndProjectSection
EndProject
Project("{8BB2217D-0F2D-49D1-97BC-3654ED321F3B}") = "NBlog.Core", "src\NBlog.Core\NBlog.Core.xproj", "{15507877-F0AE-4807-82CB-D554248BDBC7}"
EndProject
Project("{2150E333-8FDC-42A3-9474-1A3956D46DE8}") = "Framework", "Framework", "{76B5C619-58CD-40A1-BE18-14428B5F7511}"
EndProject
Project("{8BB2217D-0F2D-49D1-97BC-3654ED321F3B}") = "Planru.Core", "Planru.Core\Planru.Core.xproj", "{E89EEAB7-823F-4F2D-A869-76855FF61263}"
EndProject
Project("{8BB2217D-0F2D-49D1-97BC-3654ED321F3B}") = "NBlog.Web", "src\NBlog.Web\NBlog.Web.xproj", "{62469B93-8B5C-4C52-90FA-8B35A0F09DDA}"
EndProject
Global
	GlobalSection(SolutionConfigurationPlatforms) = preSolution
		Debug|Any CPU = Debug|Any CPU
		Release|Any CPU = Release|Any CPU
	EndGlobalSection
	GlobalSection(ProjectConfigurationPlatforms) = postSolution
		{15507877-F0AE-4807-82CB-D554248BDBC7}.Debug|Any CPU.ActiveCfg = Debug|Any CPU
		{15507877-F0AE-4807-82CB-D554248BDBC7}.Debug|Any CPU.Build.0 = Debug|Any CPU
		{15507877-F0AE-4807-82CB-D554248BDBC7}.Release|Any CPU.ActiveCfg = Release|Any CPU
		{15507877-F0AE-4807-82CB-D554248BDBC7}.Release|Any CPU.Build.0 = Release|Any CPU
		{E89EEAB7-823F-4F2D-A869-76855FF61263}.Debug|Any CPU.ActiveCfg = Debug|Any CPU
		{E89EEAB7-823F-4F2D-A869-76855FF61263}.Debug|Any CPU.Build.0 = Debug|Any CPU
		{E89EEAB7-823F-4F2D-A869-76855FF61263}.Release|Any CPU.ActiveCfg = Release|Any CPU
		{E89EEAB7-823F-4F2D-A869-76855FF61263}.Release|Any CPU.Build.0 = Release|Any CPU
		{62469B93-8B5C-4C52-90FA-8B35A0F09DDA}.Debug|Any CPU.ActiveCfg = Debug|Any CPU
		{62469B93-8B5C-4C52-90FA-8B35A0F09DDA}.Debug|Any CPU.Build.0 = Debug|Any CPU
		{62469B93-8B5C-4C52-90FA-8B35A0F09DDA}.Release|Any CPU.ActiveCfg = Release|Any CPU
		{62469B93-8B5C-4C52-90FA-8B35A0F09DDA}.Release|Any CPU.Build.0 = Release|Any CPU
	EndGlobalSection
	GlobalSection(SolutionProperties) = preSolution
		HideSolutionNode = FALSE
	EndGlobalSection
	GlobalSection(NestedProjects) = preSolution
		{15507877-F0AE-4807-82CB-D554248BDBC7} = {4B17B7EB-9B27-4F18-9AC8-79B0E35B9CC3}
		{76B5C619-58CD-40A1-BE18-14428B5F7511} = {4B17B7EB-9B27-4F18-9AC8-79B0E35B9CC3}
		{E89EEAB7-823F-4F2D-A869-76855FF61263} = {76B5C619-58CD-40A1-BE18-14428B5F7511}
		{62469B93-8B5C-4C52-90FA-8B35A0F09DDA} = {4B17B7EB-9B27-4F18-9AC8-79B0E35B9CC3}
	EndGlobalSection
EndGlobal
